PODS:
  - Flutter (1.0.0)
  - integration_test (0.0.1):
    - Flutter
  - is_ios_app_on_mac (0.0.2):
    - Flutter

DEPENDENCIES:
  - Flutter (from `Flutter`)
  - integration_test (from `.symlinks/plugins/integration_test/ios`)
  - is_ios_app_on_mac (from `.symlinks/plugins/is_ios_app_on_mac/ios`)

EXTERNAL SOURCES:
  Flutter:
    :path: Flutter
  integration_test:
    :path: ".symlinks/plugins/integration_test/ios"
  is_ios_app_on_mac:
    :path: ".symlinks/plugins/is_ios_app_on_mac/ios"

SPEC CHECKSUMS:
  Flutter: e0871f40cf51350855a761d2e70bf5af5b9b5de7
  integration_test: 252f60fa39af5e17c3aa9899d35d908a0721b573
  is_ios_app_on_mac: bbe7bccce6e4f2e5b6cf0404908c092b4e8c974a

PODFILE CHECKSUM: 819463e6a0290f5a72f145ba7cde16e8b6ef0796

COCOAPODS: 1.16.2
