PODS:
  - Flutter (1.0.0)
  - integration_test (0.0.1):
    - Flutter
  - is_ios_app_on_mac (0.0.2):
    - Flutter

DEPENDENCIES:
  - Flutter (from `Flutter`)
  - integration_test (from `.symlinks/plugins/integration_test/ios`)
  - is_ios_app_on_mac (from `.symlinks/plugins/is_ios_app_on_mac/ios`)

EXTERNAL SOURCES:
  Flutter:
    :path: Flutter
  integration_test:
    :path: ".symlinks/plugins/integration_test/ios"
  is_ios_app_on_mac:
    :path: ".symlinks/plugins/is_ios_app_on_mac/ios"

SPEC CHECKSUMS:
  Flutter: cabc95a1d2626b1b06e7179b784ebcf0c0cde467
  integration_test: 4a889634ef21a45d28d50d622cf412dc6d9f586e
  is_ios_app_on_mac: 12b8760665d23936782b0184e5d5ba8a05215818

PODFILE CHECKSUM: 3c63482e143d1b91d2d2560aee9fb04ecc74ac7e

COCOAPODS: 1.16.2
